Microsoft Visual Studio Solution File, Format Version 12.00
# Visual Studio Version 17
VisualStudioVersion = 17.5.2.0
MinimumVisualStudioVersion = 10.0.40219.1
Project("{FAE04EC0-301F-11D3-BF4B-00C04F79EFBC}") = "WorkApi", "WorkApi.csproj", "{D5EDA380-A1B8-4F74-962B-FA70E23405C9}"
EndProject
Global
	GlobalSection(SolutionConfigurationPlatforms) = preSolution
		Debug|Any CPU = Debug|Any CPU
		Release|Any CPU = Release|Any CPU
	EndGlobalSection
	GlobalSection(ProjectConfigurationPlatforms) = postSolution
		{D5EDA380-A1B8-4F74-962B-FA70E23405C9}.Debug|Any CPU.ActiveCfg = Debug|Any CPU
		{D5EDA380-A1B8-4F74-962B-FA70E23405C9}.Debug|Any CPU.Build.0 = Debug|Any CPU
		{D5EDA380-A1B8-4F74-962B-FA70E23405C9}.Release|Any CPU.ActiveCfg = Release|Any CPU
		{D5EDA380-A1B8-4F74-962B-FA70E23405C9}.Release|Any CPU.Build.0 = Release|Any CPU
	EndGlobalSection
	GlobalSection(SolutionProperties) = preSolution
		HideSolutionNode = FALSE
	EndGlobalSection
	GlobalSection(ExtensibilityGlobals) = postSolution
		SolutionGuid = {447969EA-A655-40FF-BDD4-E151C9210170}
	EndGlobalSection
EndGlobal
